
Microsoft Visual Studio Solution File, Format Version 12.00
# Visual Studio 15
VisualStudioVersion = 15.0.28307.539
MinimumVisualStudioVersion = 10.0.40219.1
Project("{FAE04EC0-301F-11D3-BF4B-00C04F79EFBC}") = "QAScript", "QAScript\QAScript.csproj", "{A551263C-A25D-40E8-A26F-A36932461B69}"
EndProject
Global
	GlobalSection(SolutionConfigurationPlatforms) = preSolution
		Debug|Any CPU = Debug|Any CPU
		Debug|x64 = Debug|x64
		Release|Any CPU = Release|Any CPU
		Release|x64 = Release|x64
	EndGlobalSection
	GlobalSection(ProjectConfigurationPlatforms) = postSolution
		{A551263C-A25D-40E8-A26F-A36932461B69}.Debug|Any CPU.ActiveCfg = Debug|Any CPU
		{A551263C-A25D-40E8-A26F-A36932461B69}.Debug|Any CPU.Build.0 = Debug|Any CPU
		{A551263C-A25D-40E8-A26F-A36932461B69}.Debug|x64.ActiveCfg = Debug|x64
		{A551263C-A25D-40E8-A26F-A36932461B69}.Debug|x64.Build.0 = Debug|x64
		{A551263C-A25D-40E8-A26F-A36932461B69}.Release|Any CPU.ActiveCfg = Release|Any CPU
		{A551263C-A25D-40E8-A26F-A36932461B69}.Release|Any CPU.Build.0 = Release|Any CPU
		{A551263C-A25D-40E8-A26F-A36932461B69}.Release|x64.ActiveCfg = Release|x64
		{A551263C-A25D-40E8-A26F-A36932461B69}.Release|x64.Build.0 = Release|x64
	EndGlobalSection
	GlobalSection(SolutionProperties) = preSolution
		HideSolutionNode = FALSE
	EndGlobalSection
	GlobalSection(ExtensibilityGlobals) = postSolution
		SolutionGuid = {11D24F35-4B18-4C68-9D1C-EC4C230B6763}
	EndGlobalSection
EndGlobal
